Microsoft Visual Studio Solution File, Format Version 12.00
# Visual Studio Version 17
VisualStudioVersion = 17.14.36408.4
MinimumVisualStudioVersion = 10.0.40219.1
Project("{9A19103F-16F7-4668-BE54-9A1E7A4F7556}") = "FutronicService", "FutronicService\FutronicService.csproj", "{47D688B2-4165-4F6A-ACB1-65B302C000AA}"
EndProject
Global
	GlobalSection(SolutionConfigurationPlatforms) = preSolution
		Debug|Any CPU = Debug|Any CPU
		Release|Any CPU = Release|Any CPU
	EndGlobalSection
	GlobalSection(ProjectConfigurationPlatforms) = postSolution
		{47D688B2-4165-4F6A-ACB1-65B302C000AA}.Debug|Any CPU.ActiveCfg = Debug|Any CPU
		{47D688B2-4165-4F6A-ACB1-65B302C000AA}.Debug|Any CPU.Build.0 = Debug|Any CPU
		{47D688B2-4165-4F6A-ACB1-65B302C000AA}.Release|Any CPU.ActiveCfg = Release|Any CPU
		{47D688B2-4165-4F6A-ACB1-65B302C000AA}.Release|Any CPU.Build.0 = Release|Any CPU
	EndGlobalSection
	GlobalSection(SolutionProperties) = preSolution
		HideSolutionNode = FALSE
	EndGlobalSection
	GlobalSection(ExtensibilityGlobals) = postSolution
		SolutionGuid = {51961EF5-829D-4802-A1E2-AA9A0B403A1A}
	EndGlobalSection
EndGlobal
